// !$*UTF8*$!
{
	archiveVersion = 1;
	classes = {
	};
	objectVersion = 50;
	objects = {

/* Begin PBXBuildFile section */
		952DF9A62369E2C200B07FDB /* AppDelegate.swift in Sources */ = {isa = PBXBuildFile; fileRef = 952DF9A52369E2C200B07FDB /* AppDelegate.swift */; };
		952DF9A82369E2C200B07FDB /* SceneDelegate.swift in Sources */ = {isa = PBXBuildFile; fileRef = 952DF9A72369E2C200B07FDB /* SceneDelegate.swift */; };
		952DF9AA2369E2C200B07FDB /* ViewController.swift in Sources */ = {isa = PBXBuildFile; fileRef = 952DF9A92369E2C200B07FDB /* ViewController.swift */; };
		952DF9AD2369E2C200B07FDB /* Main.storyboard in Resources */ = {isa = PBXBuildFile; fileRef = 952DF9AB2369E2C200B07FDB /* Main.storyboard */; };
		952DF9AF2369E2C400B07FDB /* Assets.xcassets in Resources */ = {isa = PBXBuildFile; fileRef = 952DF9AE2369E2C400B07FDB /* Assets.xcassets */; };
		952DF9B22369E2C400B07FDB /* LaunchScreen.storyboard in Resources */ = {isa = PBXBuildFile; fileRef = 952DF9B02369E2C400B07FDB /* LaunchScreen.storyboard */; };
/* End PBXBuildFile section */

/* Begin PBXFileReference section */
		952DF9A22369E2C200B07FDB /* Bai4_RandomStructClass.app */ = {isa = PBXFileReference; explicitFileType = wrapper.application; includeInIndex = 0; path = Bai4_RandomStructClass.app; sourceTree = BUILT_PRODUCTS_DIR; };
		952DF9A52369E2C200B07FDB /* AppDelegate.swift */ = {isa = PBXFileReference; lastKnownFileType = sourcecode.swift; path = AppDelegate.swift; sourceTree = "<group>"; };
		952DF9A72369E2C200B07FDB /* SceneDelegate.swift */ = {isa = PBXFileReference; lastKnownFileType = sourcecode.swift; path = SceneDelegate.swift; sourceTree = "<group>"; };
		952DF9A92369E2C200B07FDB /* ViewController.swift */ = {isa = PBXFileReference; lastKnownFileType = sourcecode.swift; path = ViewController.swift; sourceTree = "<group>"; };
		952DF9AC2369E2C200B07FDB /* Base */ = {isa = PBXFileReference; lastKnownFileType = file.storyboard; name = Base; path = Base.lproj/Main.storyboard; sourceTree = "<group>"; };
		952DF9AE2369E2C400B07FDB /* Assets.xcassets */ = {isa = PBXFileReference; lastKnownFileType = folder.assetcatalog; path = Assets.xcassets; sourceTree = "<group>"; };
		952DF9B12369E2C400B07FDB /* Base */ = {isa = PBXFileReference; lastKnownFileType = file.storyboard; name = Base; path = Base.lproj/LaunchScreen.storyboard; sourceTree = "<group>"; };
		952DF9B32369E2C400B07FDB /* Info.plist */ = {isa = PBXFileReference; lastKnownFileType = text.plist.xml; path = Info.plist; sourceTree = "<group>"; };
/* End PBXFileReference section */

/* Begin PBXFrameworksBuildPhase section */
		952DF99F2369E2C200B07FDB /* Frameworks */ = {
			isa = PBXFrameworksBuildPhase;
			buildActionMask = 2147483647;
			files = (
			);
			runOnlyForDeploymentPostprocessing = 0;
		};
/* End PBXFrameworksBuildPhase section */

/* Begin PBXGroup section */
		952DF9992369E2C200B07FDB = {
			isa = PBXGroup;
			children = (
				952DF9A42369E2C200B07FDB /* Bai4_RandomStructClass */,
				952DF9A32369E2C200B07FDB /* Products */,
			);
			sourceTree = "<group>";
		};
		952DF9A32369E2C200B07FDB /* Products */ = {
			isa = PBXGroup;
			children = (
				952DF9A22369E2C200B07FDB /* Bai4_RandomStructClass.app */,
			);
			name = Products;
			sourceTree = "<group>";
		};
		952DF9A42369E2C200B07FDB /* Bai4_RandomStructClass */ = {
			isa = PBXGroup;
			children = (
				952DF9A52369E2C200B07FDB /* AppDelegate.swift */,
				952DF9A72369E2C200B07FDB /* SceneDelegate.swift */,
				952DF9A92369E2C200B07FDB /* ViewController.swift */,
				952DF9AB2369E2C200B07FDB /* Main.storyboard */,
				952DF9AE2369E2C400B07FDB /* Assets.xcassets */,
				952DF9B02369E2C400B07FDB /* LaunchScreen.storyboard */,
				952DF9B32369E2C400B07FDB /* Info.plist */,
			);
			path = Bai4_RandomStructClass;
			sourceTree = "<group>";
		};
/* End PBXGroup section */

/* Begin PBXNativeTarget section */
		952DF9A12369E2C200B07FDB /* Bai4_RandomStructClass */ = {
			isa = PBXNativeTarget;
			buildConfigurationList = 952DF9B62369E2C400B07FDB /* Build configuration list for PBXNativeTarget "Bai4_RandomStructClass" */;
			buildPhases = (
				952DF99E2369E2C200B07FDB /* Sources */,
				952DF99F2369E2C200B07FDB /* Frameworks */,
				952DF9A02369E2C200B07FDB /* Resources */,
			);
			buildRules = (
			);
			dependencies = (
			);
			name = Bai4_RandomStructClass;
			productName = Bai4_RandomStructClass;
			productReference = 952DF9A22369E2C200B07FDB /* Bai4_RandomStructClass.app */;
			productType = "com.apple.product-type.application";
		};
/* End PBXNativeTarget section */

/* Begin PBXProject section */
		952DF99A2369E2C200B07FDB /* Project object */ = {
			isa = PBXProject;
			attributes = {
				LastSwiftUpdateCheck = 1100;
				LastUpgradeCheck = 1100;
				ORGANIZATIONNAME = "Toan-tech";
				TargetAttributes = {
					952DF9A12369E2C200B07FDB = {
						CreatedOnToolsVersion = 11.0;
					};
				};
			};
			buildConfigurationList = 952DF99D2369E2C200B07FDB /* Build configuration list for PBXProject "Bai4_RandomStructClass" */;
			compatibilityVersion = "Xcode 9.3";
			developmentRegion = en;
			hasScannedForEncodings = 0;
			knownRegions = (
				en,
				Base,
			);
			mainGroup = 952DF9992369E2C200B07FDB;
			productRefGroup = 952DF9A32369E2C200B07FDB /* Products */;
			projectDirPath = "";
			projectRoot = "";
			targets = (
				952DF9A12369E2C200B07FDB /* Bai4_RandomStructClass */,
			);
		};
/* End PBXProject section */

/* Begin PBXResourcesBuildPhase section */
		952DF9A02369E2C200B07FDB /* Resources */ = {
			isa = PBXResourcesBuildPhase;
			buildActionMask = 2147483647;
			files = (
				952DF9B22369E2C400B07FDB /* LaunchScreen.storyboard in Resources */,
				952DF9AF2369E2C400B07FDB /* Assets.xcassets in Resources */,
				952DF9AD2369E2C200B07FDB /* Main.storyboard in Resources */,
			);
			runOnlyForDeploymentPostprocessing = 0;
		};
/* End PBXResourcesBuildPhase section */

/* Begin PBXSourcesBuildPhase section */
		952DF99E2369E2C200B07FDB /* Sources */ = {
			isa = PBXSourcesBuildPhase;
			buildActionMask = 2147483647;
			files = (
				952DF9AA2369E2C200B07FDB /* ViewController.swift in Sources */,
				952DF9A62369E2C200B07FDB /* AppDelegate.swift in Sources */,
				952DF9A82369E2C200B07FDB /* SceneDelegate.swift in Sources */,
			);
			runOnlyForDeploymentPostprocessing = 0;
		};
/* End PBXSourcesBuildPhase section */

/* Begin PBXVariantGroup section */
		952DF9AB2369E2C200B07FDB /* Main.storyboard */ = {
			isa = PBXVariantGroup;
			children = (
				952DF9AC2369E2C200B07FDB /* Base */,
			);
			name = Main.storyboard;
			sourceTree = "<group>";
		};
		952DF9B02369E2C400B07FDB /* LaunchScreen.storyboard */ = {
			isa = PBXVariantGroup;
			children = (
				952DF9B12369E2C400B07FDB /* Base */,
			);
			name = LaunchScreen.storyboard;
			sourceTree = "<group>";
		};
/* End PBXVariantGroup section */

/* Begin XCBuildConfiguration section */
		952DF9B42369E2C400B07FDB /* Debug */ = {
			isa = XCBuildConfiguration;
			buildSettings = {
				ALWAYS_SEARCH_USER_PATHS = NO;
				CLANG_ANALYZER_NONNULL = YES;
				CLANG_ANALYZER_NUMBER_OBJECT_CONVERSION = YES_AGGRESSIVE;
				CLANG_CXX_LANGUAGE_STANDARD = "gnu++14";
				CLANG_CXX_LIBRARY = "libc++";
				CLANG_ENABLE_MODULES = YES;
				CLANG_ENABLE_OBJC_ARC = YES;
				CLANG_ENABLE_OBJC_WEAK = YES;
				CLANG_WARN_BLOCK_CAPTURE_AUTORELEASING = YES;
				CLANG_WARN_BOOL_CONVERSION = YES;
				CLANG_WARN_COMMA = YES;
				CLANG_WARN_CONSTANT_CONVERSION = YES;
				CLANG_WARN_DEPRECATED_OBJC_IMPLEMENTATIONS = YES;
				CLANG_WARN_DIRECT_OBJC_ISA_USAGE = YES_ERROR;
				CLANG_WARN_DOCUMENTATION_COMMENTS = YES;
				CLANG_WARN_EMPTY_BODY = YES;
				CLANG_WARN_ENUM_CONVERSION = YES;
				CLANG_WARN_INFINITE_RECURSION = YES;
				CLANG_WARN_INT_CONVERSION = YES;
				CLANG_WARN_NON_LITERAL_NULL_CONVERSION = YES;
				CLANG_WARN_OBJC_IMPLICIT_RETAIN_SELF = YES;
				CLANG_WARN_OBJC_LITERAL_CONVERSION = YES;
				CLANG_WARN_OBJC_ROOT_CLASS = YES_ERROR;
				CLANG_WARN_RANGE_LOOP_ANALYSIS = YES;
				CLANG_WARN_STRICT_PROTOTYPES = YES;
				CLANG_WARN_SUSPICIOUS_MOVE = YES;
				CLANG_WARN_UNGUARDED_AVAILABILITY = YES_AGGRESSIVE;
				CLANG_WARN_UNREACHABLE_CODE = YES;
				CLANG_WARN__DUPLICATE_METHOD_MATCH = YES;
				COPY_PHASE_STRIP = NO;
				DEBUG_INFORMATION_FORMAT = dwarf;
				ENABLE_STRICT_OBJC_MSGSEND = YES;
				ENABLE_TESTABILITY = YES;
				GCC_C_LANGUAGE_STANDARD = gnu11;
				GCC_DYNAMIC_NO_PIC = NO;
				GCC_NO_COMMON_BLOCKS = YES;
				GCC_OPTIMIZATION_LEVEL = 0;
				GCC_PREPROCESSOR_DEFINITIONS = (
					"DEBUG=1",
					"$(inherited)",
				);
				GCC_WARN_64_TO_32_BIT_CONVERSION = YES;
				GCC_WARN_ABOUT_RETURN_TYPE = YES_ERROR;
				GCC_WARN_UNDECLARED_SELECTOR = YES;
				GCC_WARN_UNINITIALIZED_AUTOS = YES_AGGRESSIVE;
				GCC_WARN_UNUSED_FUNCTION = YES;
				GCC_WARN_UNUSED_VARIABLE = YES;
				IPHONEOS_DEPLOYMENT_TARGET = 13.0;
				MTL_ENABLE_DEBUG_INFO = INCLUDE_SOURCE;
				MTL_FAST_MATH = YES;
				ONLY_ACTIVE_ARCH = YES;
				SDKROOT = iphoneos;
				SWIFT_ACTIVE_COMPILATION_CONDITIONS = DEBUG;
				SWIFT_OPTIMIZATION_LEVEL = "-Onone";
			};
			name = Debug;
		};
		952DF9B52369E2C400B07FDB /* Release */ = {
			isa = XCBuildConfiguration;
			buildSettings = {
				ALWAYS_SEARCH_USER_PATHS = NO;
				CLANG_ANALYZER_NONNULL = YES;
				CLANG_ANALYZER_NUMBER_OBJECT_CONVERSION = YES_AGGRESSIVE;
				CLANG_CXX_LANGUAGE_STANDARD = "gnu++14";
				CLANG_CXX_LIBRARY = "libc++";
				CLANG_ENABLE_MODULES = YES;
				CLANG_ENABLE_OBJC_ARC = YES;
				CLANG_ENABLE_OBJC_WEAK = YES;
				CLANG_WARN_BLOCK_CAPTURE_AUTORELEASING = YES;
				CLANG_WARN_BOOL_CONVERSION = YES;
				CLANG_WARN_COMMA = YES;
				CLANG_WARN_CONSTANT_CONVERSION = YES;
				CLANG_WARN_DEPRECATED_OBJC_IMPLEMENTATIONS = YES;
				CLANG_WARN_DIRECT_OBJC_ISA_USAGE = YES_ERROR;
				CLANG_WARN_DOCUMENTATION_COMMENTS = YES;
				CLANG_WARN_EMPTY_BODY = YES;
				CLANG_WARN_ENUM_CONVERSION = YES;
				CLANG_WARN_INFINITE_RECURSION = YES;
				CLANG_WARN_INT_CONVERSION = YES;
				CLANG_WARN_NON_LITERAL_NULL_CONVERSION = YES;
				CLANG_WARN_OBJC_IMPLICIT_RETAIN_SELF = YES;
				CLANG_WARN_OBJC_LITERAL_CONVERSION = YES;
				CLANG_WARN_OBJC_ROOT_CLASS = YES_ERROR;
				CLANG_WARN_RANGE_LOOP_ANALYSIS = YES;
				CLANG_WARN_STRICT_PROTOTYPES = YES;
				CLANG_WARN_SUSPICIOUS_MOVE = YES;
				CLANG_WARN_UNGUARDED_AVAILABILITY = YES_AGGRESSIVE;
				CLANG_WARN_UNREACHABLE_CODE = YES;
				CLANG_WARN__DUPLICATE_METHOD_MATCH = YES;
				COPY_PHASE_STRIP = NO;
				DEBUG_INFORMATION_FORMAT = "dwarf-with-dsym";
				ENABLE_NS_ASSERTIONS = NO;
				ENABLE_STRICT_OBJC_MSGSEND = YES;
				GCC_C_LANGUAGE_STANDARD = gnu11;
				GCC_NO_COMMON_BLOCKS = YES;
				GCC_WARN_64_TO_32_BIT_CONVERSION = YES;
				GCC_WARN_ABOUT_RETURN_TYPE = YES_ERROR;
				GCC_WARN_UNDECLARED_SELECTOR = YES;
				GCC_WARN_UNINITIALIZED_AUTOS = YES_AGGRESSIVE;
				GCC_WARN_UNUSED_FUNCTION = YES;
				GCC_WARN_UNUSED_VARIABLE = YES;
				IPHONEOS_DEPLOYMENT_TARGET = 13.0;
				MTL_ENABLE_DEBUG_INFO = NO;
				MTL_FAST_MATH = YES;
				SDKROOT = iphoneos;
				SWIFT_COMPILATION_MODE = wholemodule;
				SWIFT_OPTIMIZATION_LEVEL = "-O";
				VALIDATE_PRODUCT = YES;
			};
			name = Release;
		};
		952DF9B72369E2C400B07FDB /* Debug */ = {
			isa = XCBuildConfiguration;
			buildSettings = {
				ASSETCATALOG_COMPILER_APPICON_NAME = AppIcon;
				CODE_SIGN_STYLE = Automatic;
				INFOPLIST_FILE = Bai4_RandomStructClass/Info.plist;
				LD_RUNPATH_SEARCH_PATHS = (
					"$(inherited)",
					"@executable_path/Frameworks",
				);
				PRODUCT_BUNDLE_IDENTIFIER = "Toan.Bai4-RandomStructClass";
				PRODUCT_NAME = "$(TARGET_NAME)";
				SWIFT_VERSION = 5.0;
				TARGETED_DEVICE_FAMILY = "1,2";
			};
			name = Debug;
		};
		952DF9B82369E2C400B07FDB /* Release */ = {
			isa = XCBuildConfiguration;
			buildSettings = {
				ASSETCATALOG_COMPILER_APPICON_NAME = AppIcon;
				CODE_SIGN_STYLE = Automatic;
				INFOPLIST_FILE = Bai4_RandomStructClass/Info.plist;
				LD_RUNPATH_SEARCH_PATHS = (
					"$(inherited)",
					"@executable_path/Frameworks",
				);
				PRODUCT_BUNDLE_IDENTIFIER = "Toan.Bai4-RandomStructClass";
				PRODUCT_NAME = "$(TARGET_NAME)";
				SWIFT_VERSION = 5.0;
				TARGETED_DEVICE_FAMILY = "1,2";
			};
			name = Release;
		};
/* End XCBuildConfiguration section */

/* Begin XCConfigurationList section */
		952DF99D2369E2C200B07FDB /* Build configuration list for PBXProject "Bai4_RandomStructClass" */ = {
			isa = XCConfigurationList;
			buildConfigurations = (
				952DF9B42369E2C400B07FDB /* Debug */,
				952DF9B52369E2C400B07FDB /* Release */,
			);
			defaultConfigurationIsVisible = 0;
			defaultConfigurationName = Release;
		};
		952DF9B62369E2C400B07FDB /* Build configuration list for PBXNativeTarget "Bai4_RandomStructClass" */ = {
			isa = XCConfigurationList;
			buildConfigurations = (
				952DF9B72369E2C400B07FDB /* Debug */,
				952DF9B82369E2C400B07FDB /* Release */,
			);
			defaultConfigurationIsVisible = 0;
			defaultConfigurationName = Release;
		};
/* End XCConfigurationList section */
	};
	rootObject = 952DF99A2369E2C200B07FDB /* Project object */;
}
