// !$*UTF8*$!
{
	archiveVersion = 1;
	classes = {
	};
	objectVersion = 50;
	objects = {

/* Begin PBXBuildFile section */
		95A03CFC23B3A819001335DD /* AppDelegate.swift in Sources */ = {isa = PBXBuildFile; fileRef = 95A03CFB23B3A819001335DD /* AppDelegate.swift */; };
		95A03CFE23B3A819001335DD /* SceneDelegate.swift in Sources */ = {isa = PBXBuildFile; fileRef = 95A03CFD23B3A819001335DD /* SceneDelegate.swift */; };
		95A03D0023B3A819001335DD /* ViewController.swift in Sources */ = {isa = PBXBuildFile; fileRef = 95A03CFF23B3A819001335DD /* ViewController.swift */; };
		95A03D0323B3A819001335DD /* Main.storyboard in Resources */ = {isa = PBXBuildFile; fileRef = 95A03D0123B3A819001335DD /* Main.storyboard */; };
		95A03D0523B3A81A001335DD /* Assets.xcassets in Resources */ = {isa = PBXBuildFile; fileRef = 95A03D0423B3A81A001335DD /* Assets.xcassets */; };
		95A03D0823B3A81A001335DD /* LaunchScreen.storyboard in Resources */ = {isa = PBXBuildFile; fileRef = 95A03D0623B3A81A001335DD /* LaunchScreen.storyboard */; };
		95A03D1023B3AAB4001335DD /* DynamicTableViewByCode.swift in Sources */ = {isa = PBXBuildFile; fileRef = 95A03D0F23B3AAB4001335DD /* DynamicTableViewByCode.swift */; };
		95A03D1223B3ABCC001335DD /* CustomView.swift in Sources */ = {isa = PBXBuildFile; fileRef = 95A03D1123B3ABCC001335DD /* CustomView.swift */; };
		95A03D1423B3B629001335DD /* Dog_Girl_Flag.swift in Sources */ = {isa = PBXBuildFile; fileRef = 95A03D1323B3B629001335DD /* Dog_Girl_Flag.swift */; };
/* End PBXBuildFile section */

/* Begin PBXFileReference section */
		95A03CF823B3A819001335DD /* DynamicTableView.app */ = {isa = PBXFileReference; explicitFileType = wrapper.application; includeInIndex = 0; path = DynamicTableView.app; sourceTree = BUILT_PRODUCTS_DIR; };
		95A03CFB23B3A819001335DD /* AppDelegate.swift */ = {isa = PBXFileReference; lastKnownFileType = sourcecode.swift; path = AppDelegate.swift; sourceTree = "<group>"; };
		95A03CFD23B3A819001335DD /* SceneDelegate.swift */ = {isa = PBXFileReference; lastKnownFileType = sourcecode.swift; path = SceneDelegate.swift; sourceTree = "<group>"; };
		95A03CFF23B3A819001335DD /* ViewController.swift */ = {isa = PBXFileReference; lastKnownFileType = sourcecode.swift; path = ViewController.swift; sourceTree = "<group>"; };
		95A03D0223B3A819001335DD /* Base */ = {isa = PBXFileReference; lastKnownFileType = file.storyboard; name = Base; path = Base.lproj/Main.storyboard; sourceTree = "<group>"; };
		95A03D0423B3A81A001335DD /* Assets.xcassets */ = {isa = PBXFileReference; lastKnownFileType = folder.assetcatalog; path = Assets.xcassets; sourceTree = "<group>"; };
		95A03D0723B3A81A001335DD /* Base */ = {isa = PBXFileReference; lastKnownFileType = file.storyboard; name = Base; path = Base.lproj/LaunchScreen.storyboard; sourceTree = "<group>"; };
		95A03D0923B3A81A001335DD /* Info.plist */ = {isa = PBXFileReference; lastKnownFileType = text.plist.xml; path = Info.plist; sourceTree = "<group>"; };
		95A03D0F23B3AAB4001335DD /* DynamicTableViewByCode.swift */ = {isa = PBXFileReference; lastKnownFileType = sourcecode.swift; path = DynamicTableViewByCode.swift; sourceTree = "<group>"; };
		95A03D1123B3ABCC001335DD /* CustomView.swift */ = {isa = PBXFileReference; lastKnownFileType = sourcecode.swift; path = CustomView.swift; sourceTree = "<group>"; };
		95A03D1323B3B629001335DD /* Dog_Girl_Flag.swift */ = {isa = PBXFileReference; lastKnownFileType = sourcecode.swift; path = Dog_Girl_Flag.swift; sourceTree = "<group>"; };
/* End PBXFileReference section */

/* Begin PBXFrameworksBuildPhase section */
		95A03CF523B3A819001335DD /* Frameworks */ = {
			isa = PBXFrameworksBuildPhase;
			buildActionMask = 2147483647;
			files = (
			);
			runOnlyForDeploymentPostprocessing = 0;
		};
/* End PBXFrameworksBuildPhase section */

/* Begin PBXGroup section */
		95A03CEF23B3A819001335DD = {
			isa = PBXGroup;
			children = (
				95A03CFA23B3A819001335DD /* DynamicTableView */,
				95A03CF923B3A819001335DD /* Products */,
			);
			sourceTree = "<group>";
		};
		95A03CF923B3A819001335DD /* Products */ = {
			isa = PBXGroup;
			children = (
				95A03CF823B3A819001335DD /* DynamicTableView.app */,
			);
			name = Products;
			sourceTree = "<group>";
		};
		95A03CFA23B3A819001335DD /* DynamicTableView */ = {
			isa = PBXGroup;
			children = (
				95A03CFB23B3A819001335DD /* AppDelegate.swift */,
				95A03CFD23B3A819001335DD /* SceneDelegate.swift */,
				95A03CFF23B3A819001335DD /* ViewController.swift */,
				95A03D0123B3A819001335DD /* Main.storyboard */,
				95A03D0423B3A81A001335DD /* Assets.xcassets */,
				95A03D0623B3A81A001335DD /* LaunchScreen.storyboard */,
				95A03D0923B3A81A001335DD /* Info.plist */,
				95A03D0F23B3AAB4001335DD /* DynamicTableViewByCode.swift */,
				95A03D1123B3ABCC001335DD /* CustomView.swift */,
				95A03D1323B3B629001335DD /* Dog_Girl_Flag.swift */,
			);
			path = DynamicTableView;
			sourceTree = "<group>";
		};
/* End PBXGroup section */

/* Begin PBXNativeTarget section */
		95A03CF723B3A819001335DD /* DynamicTableView */ = {
			isa = PBXNativeTarget;
			buildConfigurationList = 95A03D0C23B3A81A001335DD /* Build configuration list for PBXNativeTarget "DynamicTableView" */;
			buildPhases = (
				95A03CF423B3A819001335DD /* Sources */,
				95A03CF523B3A819001335DD /* Frameworks */,
				95A03CF623B3A819001335DD /* Resources */,
			);
			buildRules = (
			);
			dependencies = (
			);
			name = DynamicTableView;
			productName = DynamicTableView;
			productReference = 95A03CF823B3A819001335DD /* DynamicTableView.app */;
			productType = "com.apple.product-type.application";
		};
/* End PBXNativeTarget section */

/* Begin PBXProject section */
		95A03CF023B3A819001335DD /* Project object */ = {
			isa = PBXProject;
			attributes = {
				LastSwiftUpdateCheck = 1100;
				LastUpgradeCheck = 1100;
				ORGANIZATIONNAME = "Toan-tech";
				TargetAttributes = {
					95A03CF723B3A819001335DD = {
						CreatedOnToolsVersion = 11.0;
					};
				};
			};
			buildConfigurationList = 95A03CF323B3A819001335DD /* Build configuration list for PBXProject "DynamicTableView" */;
			compatibilityVersion = "Xcode 9.3";
			developmentRegion = en;
			hasScannedForEncodings = 0;
			knownRegions = (
				en,
				Base,
			);
			mainGroup = 95A03CEF23B3A819001335DD;
			productRefGroup = 95A03CF923B3A819001335DD /* Products */;
			projectDirPath = "";
			projectRoot = "";
			targets = (
				95A03CF723B3A819001335DD /* DynamicTableView */,
			);
		};
/* End PBXProject section */

/* Begin PBXResourcesBuildPhase section */
		95A03CF623B3A819001335DD /* Resources */ = {
			isa = PBXResourcesBuildPhase;
			buildActionMask = 2147483647;
			files = (
				95A03D0823B3A81A001335DD /* LaunchScreen.storyboard in Resources */,
				95A03D0523B3A81A001335DD /* Assets.xcassets in Resources */,
				95A03D0323B3A819001335DD /* Main.storyboard in Resources */,
			);
			runOnlyForDeploymentPostprocessing = 0;
		};
/* End PBXResourcesBuildPhase section */

/* Begin PBXSourcesBuildPhase section */
		95A03CF423B3A819001335DD /* Sources */ = {
			isa = PBXSourcesBuildPhase;
			buildActionMask = 2147483647;
			files = (
				95A03D1223B3ABCC001335DD /* CustomView.swift in Sources */,
				95A03D0023B3A819001335DD /* ViewController.swift in Sources */,
				95A03D1023B3AAB4001335DD /* DynamicTableViewByCode.swift in Sources */,
				95A03CFC23B3A819001335DD /* AppDelegate.swift in Sources */,
				95A03D1423B3B629001335DD /* Dog_Girl_Flag.swift in Sources */,
				95A03CFE23B3A819001335DD /* SceneDelegate.swift in Sources */,
			);
			runOnlyForDeploymentPostprocessing = 0;
		};
/* End PBXSourcesBuildPhase section */

/* Begin PBXVariantGroup section */
		95A03D0123B3A819001335DD /* Main.storyboard */ = {
			isa = PBXVariantGroup;
			children = (
				95A03D0223B3A819001335DD /* Base */,
			);
			name = Main.storyboard;
			sourceTree = "<group>";
		};
		95A03D0623B3A81A001335DD /* LaunchScreen.storyboard */ = {
			isa = PBXVariantGroup;
			children = (
				95A03D0723B3A81A001335DD /* Base */,
			);
			name = LaunchScreen.storyboard;
			sourceTree = "<group>";
		};
/* End PBXVariantGroup section */

/* Begin XCBuildConfiguration section */
		95A03D0A23B3A81A001335DD /* Debug */ = {
			isa = XCBuildConfiguration;
			buildSettings = {
				ALWAYS_SEARCH_USER_PATHS = NO;
				CLANG_ANALYZER_NONNULL = YES;
				CLANG_ANALYZER_NUMBER_OBJECT_CONVERSION = YES_AGGRESSIVE;
				CLANG_CXX_LANGUAGE_STANDARD = "gnu++14";
				CLANG_CXX_LIBRARY = "libc++";
				CLANG_ENABLE_MODULES = YES;
				CLANG_ENABLE_OBJC_ARC = YES;
				CLANG_ENABLE_OBJC_WEAK = YES;
				CLANG_WARN_BLOCK_CAPTURE_AUTORELEASING = YES;
				CLANG_WARN_BOOL_CONVERSION = YES;
				CLANG_WARN_COMMA = YES;
				CLANG_WARN_CONSTANT_CONVERSION = YES;
				CLANG_WARN_DEPRECATED_OBJC_IMPLEMENTATIONS = YES;
				CLANG_WARN_DIRECT_OBJC_ISA_USAGE = YES_ERROR;
				CLANG_WARN_DOCUMENTATION_COMMENTS = YES;
				CLANG_WARN_EMPTY_BODY = YES;
				CLANG_WARN_ENUM_CONVERSION = YES;
				CLANG_WARN_INFINITE_RECURSION = YES;
				CLANG_WARN_INT_CONVERSION = YES;
				CLANG_WARN_NON_LITERAL_NULL_CONVERSION = YES;
				CLANG_WARN_OBJC_IMPLICIT_RETAIN_SELF = YES;
				CLANG_WARN_OBJC_LITERAL_CONVERSION = YES;
				CLANG_WARN_OBJC_ROOT_CLASS = YES_ERROR;
				CLANG_WARN_RANGE_LOOP_ANALYSIS = YES;
				CLANG_WARN_STRICT_PROTOTYPES = YES;
				CLANG_WARN_SUSPICIOUS_MOVE = YES;
				CLANG_WARN_UNGUARDED_AVAILABILITY = YES_AGGRESSIVE;
				CLANG_WARN_UNREACHABLE_CODE = YES;
				CLANG_WARN__DUPLICATE_METHOD_MATCH = YES;
				COPY_PHASE_STRIP = NO;
				DEBUG_INFORMATION_FORMAT = dwarf;
				ENABLE_STRICT_OBJC_MSGSEND = YES;
				ENABLE_TESTABILITY = YES;
				GCC_C_LANGUAGE_STANDARD = gnu11;
				GCC_DYNAMIC_NO_PIC = NO;
				GCC_NO_COMMON_BLOCKS = YES;
				GCC_OPTIMIZATION_LEVEL = 0;
				GCC_PREPROCESSOR_DEFINITIONS = (
					"DEBUG=1",
					"$(inherited)",
				);
				GCC_WARN_64_TO_32_BIT_CONVERSION = YES;
				GCC_WARN_ABOUT_RETURN_TYPE = YES_ERROR;
				GCC_WARN_UNDECLARED_SELECTOR = YES;
				GCC_WARN_UNINITIALIZED_AUTOS = YES_AGGRESSIVE;
				GCC_WARN_UNUSED_FUNCTION = YES;
				GCC_WARN_UNUSED_VARIABLE = YES;
				IPHONEOS_DEPLOYMENT_TARGET = 13.0;
				MTL_ENABLE_DEBUG_INFO = INCLUDE_SOURCE;
				MTL_FAST_MATH = YES;
				ONLY_ACTIVE_ARCH = YES;
				SDKROOT = iphoneos;
				SWIFT_ACTIVE_COMPILATION_CONDITIONS = DEBUG;
				SWIFT_OPTIMIZATION_LEVEL = "-Onone";
			};
			name = Debug;
		};
		95A03D0B23B3A81A001335DD /* Release */ = {
			isa = XCBuildConfiguration;
			buildSettings = {
				ALWAYS_SEARCH_USER_PATHS = NO;
				CLANG_ANALYZER_NONNULL = YES;
				CLANG_ANALYZER_NUMBER_OBJECT_CONVERSION = YES_AGGRESSIVE;
				CLANG_CXX_LANGUAGE_STANDARD = "gnu++14";
				CLANG_CXX_LIBRARY = "libc++";
				CLANG_ENABLE_MODULES = YES;
				CLANG_ENABLE_OBJC_ARC = YES;
				CLANG_ENABLE_OBJC_WEAK = YES;
				CLANG_WARN_BLOCK_CAPTURE_AUTORELEASING = YES;
				CLANG_WARN_BOOL_CONVERSION = YES;
				CLANG_WARN_COMMA = YES;
				CLANG_WARN_CONSTANT_CONVERSION = YES;
				CLANG_WARN_DEPRECATED_OBJC_IMPLEMENTATIONS = YES;
				CLANG_WARN_DIRECT_OBJC_ISA_USAGE = YES_ERROR;
				CLANG_WARN_DOCUMENTATION_COMMENTS = YES;
				CLANG_WARN_EMPTY_BODY = YES;
				CLANG_WARN_ENUM_CONVERSION = YES;
				CLANG_WARN_INFINITE_RECURSION = YES;
				CLANG_WARN_INT_CONVERSION = YES;
				CLANG_WARN_NON_LITERAL_NULL_CONVERSION = YES;
				CLANG_WARN_OBJC_IMPLICIT_RETAIN_SELF = YES;
				CLANG_WARN_OBJC_LITERAL_CONVERSION = YES;
				CLANG_WARN_OBJC_ROOT_CLASS = YES_ERROR;
				CLANG_WARN_RANGE_LOOP_ANALYSIS = YES;
				CLANG_WARN_STRICT_PROTOTYPES = YES;
				CLANG_WARN_SUSPICIOUS_MOVE = YES;
				CLANG_WARN_UNGUARDED_AVAILABILITY = YES_AGGRESSIVE;
				CLANG_WARN_UNREACHABLE_CODE = YES;
				CLANG_WARN__DUPLICATE_METHOD_MATCH = YES;
				COPY_PHASE_STRIP = NO;
				DEBUG_INFORMATION_FORMAT = "dwarf-with-dsym";
				ENABLE_NS_ASSERTIONS = NO;
				ENABLE_STRICT_OBJC_MSGSEND = YES;
				GCC_C_LANGUAGE_STANDARD = gnu11;
				GCC_NO_COMMON_BLOCKS = YES;
				GCC_WARN_64_TO_32_BIT_CONVERSION = YES;
				GCC_WARN_ABOUT_RETURN_TYPE = YES_ERROR;
				GCC_WARN_UNDECLARED_SELECTOR = YES;
				GCC_WARN_UNINITIALIZED_AUTOS = YES_AGGRESSIVE;
				GCC_WARN_UNUSED_FUNCTION = YES;
				GCC_WARN_UNUSED_VARIABLE = YES;
				IPHONEOS_DEPLOYMENT_TARGET = 13.0;
				MTL_ENABLE_DEBUG_INFO = NO;
				MTL_FAST_MATH = YES;
				SDKROOT = iphoneos;
				SWIFT_COMPILATION_MODE = wholemodule;
				SWIFT_OPTIMIZATION_LEVEL = "-O";
				VALIDATE_PRODUCT = YES;
			};
			name = Release;
		};
		95A03D0D23B3A81A001335DD /* Debug */ = {
			isa = XCBuildConfiguration;
			buildSettings = {
				ASSETCATALOG_COMPILER_APPICON_NAME = AppIcon;
				CODE_SIGN_STYLE = Automatic;
				INFOPLIST_FILE = DynamicTableView/Info.plist;
				LD_RUNPATH_SEARCH_PATHS = (
					"$(inherited)",
					"@executable_path/Frameworks",
				);
				PRODUCT_BUNDLE_IDENTIFIER = Toan.DynamicTableView;
				PRODUCT_NAME = "$(TARGET_NAME)";
				SWIFT_VERSION = 5.0;
				TARGETED_DEVICE_FAMILY = "1,2";
			};
			name = Debug;
		};
		95A03D0E23B3A81A001335DD /* Release */ = {
			isa = XCBuildConfiguration;
			buildSettings = {
				ASSETCATALOG_COMPILER_APPICON_NAME = AppIcon;
				CODE_SIGN_STYLE = Automatic;
				INFOPLIST_FILE = DynamicTableView/Info.plist;
				LD_RUNPATH_SEARCH_PATHS = (
					"$(inherited)",
					"@executable_path/Frameworks",
				);
				PRODUCT_BUNDLE_IDENTIFIER = Toan.DynamicTableView;
				PRODUCT_NAME = "$(TARGET_NAME)";
				SWIFT_VERSION = 5.0;
				TARGETED_DEVICE_FAMILY = "1,2";
			};
			name = Release;
		};
/* End XCBuildConfiguration section */

/* Begin XCConfigurationList section */
		95A03CF323B3A819001335DD /* Build configuration list for PBXProject "DynamicTableView" */ = {
			isa = XCConfigurationList;
			buildConfigurations = (
				95A03D0A23B3A81A001335DD /* Debug */,
				95A03D0B23B3A81A001335DD /* Release */,
			);
			defaultConfigurationIsVisible = 0;
			defaultConfigurationName = Release;
		};
		95A03D0C23B3A81A001335DD /* Build configuration list for PBXNativeTarget "DynamicTableView" */ = {
			isa = XCConfigurationList;
			buildConfigurations = (
				95A03D0D23B3A81A001335DD /* Debug */,
				95A03D0E23B3A81A001335DD /* Release */,
			);
			defaultConfigurationIsVisible = 0;
			defaultConfigurationName = Release;
		};
/* End XCConfigurationList section */
	};
	rootObject = 95A03CF023B3A819001335DD /* Project object */;
}
