// !$*UTF8*$!
{
	archiveVersion = 1;
	classes = {
	};
	objectVersion = 50;
	objects = {

/* Begin PBXBuildFile section */
		95C58D0923A4BF11001B0B6F /* AppDelegate.swift in Sources */ = {isa = PBXBuildFile; fileRef = 95C58D0823A4BF11001B0B6F /* AppDelegate.swift */; };
		95C58D0B23A4BF12001B0B6F /* SceneDelegate.swift in Sources */ = {isa = PBXBuildFile; fileRef = 95C58D0A23A4BF12001B0B6F /* SceneDelegate.swift */; };
		95C58D0D23A4BF12001B0B6F /* ViewController.swift in Sources */ = {isa = PBXBuildFile; fileRef = 95C58D0C23A4BF12001B0B6F /* ViewController.swift */; };
		95C58D1023A4BF12001B0B6F /* Main.storyboard in Resources */ = {isa = PBXBuildFile; fileRef = 95C58D0E23A4BF12001B0B6F /* Main.storyboard */; };
		95C58D1223A4BF13001B0B6F /* Assets.xcassets in Resources */ = {isa = PBXBuildFile; fileRef = 95C58D1123A4BF13001B0B6F /* Assets.xcassets */; };
		95C58D1523A4BF13001B0B6F /* LaunchScreen.storyboard in Resources */ = {isa = PBXBuildFile; fileRef = 95C58D1323A4BF13001B0B6F /* LaunchScreen.storyboard */; };
		95C58D1D23A4D1E5001B0B6F /* CustomView.swift in Sources */ = {isa = PBXBuildFile; fileRef = 95C58D1C23A4D1E5001B0B6F /* CustomView.swift */; };
/* End PBXBuildFile section */

/* Begin PBXFileReference section */
		95C58D0523A4BF11001B0B6F /* ScrollView_FullOption.app */ = {isa = PBXFileReference; explicitFileType = wrapper.application; includeInIndex = 0; path = ScrollView_FullOption.app; sourceTree = BUILT_PRODUCTS_DIR; };
		95C58D0823A4BF11001B0B6F /* AppDelegate.swift */ = {isa = PBXFileReference; lastKnownFileType = sourcecode.swift; path = AppDelegate.swift; sourceTree = "<group>"; };
		95C58D0A23A4BF12001B0B6F /* SceneDelegate.swift */ = {isa = PBXFileReference; lastKnownFileType = sourcecode.swift; path = SceneDelegate.swift; sourceTree = "<group>"; };
		95C58D0C23A4BF12001B0B6F /* ViewController.swift */ = {isa = PBXFileReference; lastKnownFileType = sourcecode.swift; path = ViewController.swift; sourceTree = "<group>"; };
		95C58D0F23A4BF12001B0B6F /* Base */ = {isa = PBXFileReference; lastKnownFileType = file.storyboard; name = Base; path = Base.lproj/Main.storyboard; sourceTree = "<group>"; };
		95C58D1123A4BF13001B0B6F /* Assets.xcassets */ = {isa = PBXFileReference; lastKnownFileType = folder.assetcatalog; path = Assets.xcassets; sourceTree = "<group>"; };
		95C58D1423A4BF13001B0B6F /* Base */ = {isa = PBXFileReference; lastKnownFileType = file.storyboard; name = Base; path = Base.lproj/LaunchScreen.storyboard; sourceTree = "<group>"; };
		95C58D1623A4BF13001B0B6F /* Info.plist */ = {isa = PBXFileReference; lastKnownFileType = text.plist.xml; path = Info.plist; sourceTree = "<group>"; };
		95C58D1C23A4D1E5001B0B6F /* CustomView.swift */ = {isa = PBXFileReference; lastKnownFileType = sourcecode.swift; path = CustomView.swift; sourceTree = "<group>"; };
/* End PBXFileReference section */

/* Begin PBXFrameworksBuildPhase section */
		95C58D0223A4BF11001B0B6F /* Frameworks */ = {
			isa = PBXFrameworksBuildPhase;
			buildActionMask = 2147483647;
			files = (
			);
			runOnlyForDeploymentPostprocessing = 0;
		};
/* End PBXFrameworksBuildPhase section */

/* Begin PBXGroup section */
		95C58CFC23A4BF11001B0B6F = {
			isa = PBXGroup;
			children = (
				95C58D0723A4BF11001B0B6F /* ScrollView_FullOption */,
				95C58D0623A4BF11001B0B6F /* Products */,
			);
			sourceTree = "<group>";
		};
		95C58D0623A4BF11001B0B6F /* Products */ = {
			isa = PBXGroup;
			children = (
				95C58D0523A4BF11001B0B6F /* ScrollView_FullOption.app */,
			);
			name = Products;
			sourceTree = "<group>";
		};
		95C58D0723A4BF11001B0B6F /* ScrollView_FullOption */ = {
			isa = PBXGroup;
			children = (
				95C58D0823A4BF11001B0B6F /* AppDelegate.swift */,
				95C58D0A23A4BF12001B0B6F /* SceneDelegate.swift */,
				95C58D0C23A4BF12001B0B6F /* ViewController.swift */,
				95C58D0E23A4BF12001B0B6F /* Main.storyboard */,
				95C58D1123A4BF13001B0B6F /* Assets.xcassets */,
				95C58D1323A4BF13001B0B6F /* LaunchScreen.storyboard */,
				95C58D1623A4BF13001B0B6F /* Info.plist */,
				95C58D1C23A4D1E5001B0B6F /* CustomView.swift */,
			);
			path = ScrollView_FullOption;
			sourceTree = "<group>";
		};
/* End PBXGroup section */

/* Begin PBXNativeTarget section */
		95C58D0423A4BF11001B0B6F /* ScrollView_FullOption */ = {
			isa = PBXNativeTarget;
			buildConfigurationList = 95C58D1923A4BF13001B0B6F /* Build configuration list for PBXNativeTarget "ScrollView_FullOption" */;
			buildPhases = (
				95C58D0123A4BF11001B0B6F /* Sources */,
				95C58D0223A4BF11001B0B6F /* Frameworks */,
				95C58D0323A4BF11001B0B6F /* Resources */,
			);
			buildRules = (
			);
			dependencies = (
			);
			name = ScrollView_FullOption;
			productName = ScrollView_FullOption;
			productReference = 95C58D0523A4BF11001B0B6F /* ScrollView_FullOption.app */;
			productType = "com.apple.product-type.application";
		};
/* End PBXNativeTarget section */

/* Begin PBXProject section */
		95C58CFD23A4BF11001B0B6F /* Project object */ = {
			isa = PBXProject;
			attributes = {
				LastSwiftUpdateCheck = 1100;
				LastUpgradeCheck = 1100;
				ORGANIZATIONNAME = "Toan-tech";
				TargetAttributes = {
					95C58D0423A4BF11001B0B6F = {
						CreatedOnToolsVersion = 11.0;
					};
				};
			};
			buildConfigurationList = 95C58D0023A4BF11001B0B6F /* Build configuration list for PBXProject "ScrollView_FullOption" */;
			compatibilityVersion = "Xcode 9.3";
			developmentRegion = en;
			hasScannedForEncodings = 0;
			knownRegions = (
				en,
				Base,
			);
			mainGroup = 95C58CFC23A4BF11001B0B6F;
			productRefGroup = 95C58D0623A4BF11001B0B6F /* Products */;
			projectDirPath = "";
			projectRoot = "";
			targets = (
				95C58D0423A4BF11001B0B6F /* ScrollView_FullOption */,
			);
		};
/* End PBXProject section */

/* Begin PBXResourcesBuildPhase section */
		95C58D0323A4BF11001B0B6F /* Resources */ = {
			isa = PBXResourcesBuildPhase;
			buildActionMask = 2147483647;
			files = (
				95C58D1523A4BF13001B0B6F /* LaunchScreen.storyboard in Resources */,
				95C58D1223A4BF13001B0B6F /* Assets.xcassets in Resources */,
				95C58D1023A4BF12001B0B6F /* Main.storyboard in Resources */,
			);
			runOnlyForDeploymentPostprocessing = 0;
		};
/* End PBXResourcesBuildPhase section */

/* Begin PBXSourcesBuildPhase section */
		95C58D0123A4BF11001B0B6F /* Sources */ = {
			isa = PBXSourcesBuildPhase;
			buildActionMask = 2147483647;
			files = (
				95C58D0D23A4BF12001B0B6F /* ViewController.swift in Sources */,
				95C58D1D23A4D1E5001B0B6F /* CustomView.swift in Sources */,
				95C58D0923A4BF11001B0B6F /* AppDelegate.swift in Sources */,
				95C58D0B23A4BF12001B0B6F /* SceneDelegate.swift in Sources */,
			);
			runOnlyForDeploymentPostprocessing = 0;
		};
/* End PBXSourcesBuildPhase section */

/* Begin PBXVariantGroup section */
		95C58D0E23A4BF12001B0B6F /* Main.storyboard */ = {
			isa = PBXVariantGroup;
			children = (
				95C58D0F23A4BF12001B0B6F /* Base */,
			);
			name = Main.storyboard;
			sourceTree = "<group>";
		};
		95C58D1323A4BF13001B0B6F /* LaunchScreen.storyboard */ = {
			isa = PBXVariantGroup;
			children = (
				95C58D1423A4BF13001B0B6F /* Base */,
			);
			name = LaunchScreen.storyboard;
			sourceTree = "<group>";
		};
/* End PBXVariantGroup section */

/* Begin XCBuildConfiguration section */
		95C58D1723A4BF13001B0B6F /* Debug */ = {
			isa = XCBuildConfiguration;
			buildSettings = {
				ALWAYS_SEARCH_USER_PATHS = NO;
				CLANG_ANALYZER_NONNULL = YES;
				CLANG_ANALYZER_NUMBER_OBJECT_CONVERSION = YES_AGGRESSIVE;
				CLANG_CXX_LANGUAGE_STANDARD = "gnu++14";
				CLANG_CXX_LIBRARY = "libc++";
				CLANG_ENABLE_MODULES = YES;
				CLANG_ENABLE_OBJC_ARC = YES;
				CLANG_ENABLE_OBJC_WEAK = YES;
				CLANG_WARN_BLOCK_CAPTURE_AUTORELEASING = YES;
				CLANG_WARN_BOOL_CONVERSION = YES;
				CLANG_WARN_COMMA = YES;
				CLANG_WARN_CONSTANT_CONVERSION = YES;
				CLANG_WARN_DEPRECATED_OBJC_IMPLEMENTATIONS = YES;
				CLANG_WARN_DIRECT_OBJC_ISA_USAGE = YES_ERROR;
				CLANG_WARN_DOCUMENTATION_COMMENTS = YES;
				CLANG_WARN_EMPTY_BODY = YES;
				CLANG_WARN_ENUM_CONVERSION = YES;
				CLANG_WARN_INFINITE_RECURSION = YES;
				CLANG_WARN_INT_CONVERSION = YES;
				CLANG_WARN_NON_LITERAL_NULL_CONVERSION = YES;
				CLANG_WARN_OBJC_IMPLICIT_RETAIN_SELF = YES;
				CLANG_WARN_OBJC_LITERAL_CONVERSION = YES;
				CLANG_WARN_OBJC_ROOT_CLASS = YES_ERROR;
				CLANG_WARN_RANGE_LOOP_ANALYSIS = YES;
				CLANG_WARN_STRICT_PROTOTYPES = YES;
				CLANG_WARN_SUSPICIOUS_MOVE = YES;
				CLANG_WARN_UNGUARDED_AVAILABILITY = YES_AGGRESSIVE;
				CLANG_WARN_UNREACHABLE_CODE = YES;
				CLANG_WARN__DUPLICATE_METHOD_MATCH = YES;
				COPY_PHASE_STRIP = NO;
				DEBUG_INFORMATION_FORMAT = dwarf;
				ENABLE_STRICT_OBJC_MSGSEND = YES;
				ENABLE_TESTABILITY = YES;
				GCC_C_LANGUAGE_STANDARD = gnu11;
				GCC_DYNAMIC_NO_PIC = NO;
				GCC_NO_COMMON_BLOCKS = YES;
				GCC_OPTIMIZATION_LEVEL = 0;
				GCC_PREPROCESSOR_DEFINITIONS = (
					"DEBUG=1",
					"$(inherited)",
				);
				GCC_WARN_64_TO_32_BIT_CONVERSION = YES;
				GCC_WARN_ABOUT_RETURN_TYPE = YES_ERROR;
				GCC_WARN_UNDECLARED_SELECTOR = YES;
				GCC_WARN_UNINITIALIZED_AUTOS = YES_AGGRESSIVE;
				GCC_WARN_UNUSED_FUNCTION = YES;
				GCC_WARN_UNUSED_VARIABLE = YES;
				IPHONEOS_DEPLOYMENT_TARGET = 13.0;
				MTL_ENABLE_DEBUG_INFO = INCLUDE_SOURCE;
				MTL_FAST_MATH = YES;
				ONLY_ACTIVE_ARCH = YES;
				SDKROOT = iphoneos;
				SWIFT_ACTIVE_COMPILATION_CONDITIONS = DEBUG;
				SWIFT_OPTIMIZATION_LEVEL = "-Onone";
			};
			name = Debug;
		};
		95C58D1823A4BF13001B0B6F /* Release */ = {
			isa = XCBuildConfiguration;
			buildSettings = {
				ALWAYS_SEARCH_USER_PATHS = NO;
				CLANG_ANALYZER_NONNULL = YES;
				CLANG_ANALYZER_NUMBER_OBJECT_CONVERSION = YES_AGGRESSIVE;
				CLANG_CXX_LANGUAGE_STANDARD = "gnu++14";
				CLANG_CXX_LIBRARY = "libc++";
				CLANG_ENABLE_MODULES = YES;
				CLANG_ENABLE_OBJC_ARC = YES;
				CLANG_ENABLE_OBJC_WEAK = YES;
				CLANG_WARN_BLOCK_CAPTURE_AUTORELEASING = YES;
				CLANG_WARN_BOOL_CONVERSION = YES;
				CLANG_WARN_COMMA = YES;
				CLANG_WARN_CONSTANT_CONVERSION = YES;
				CLANG_WARN_DEPRECATED_OBJC_IMPLEMENTATIONS = YES;
				CLANG_WARN_DIRECT_OBJC_ISA_USAGE = YES_ERROR;
				CLANG_WARN_DOCUMENTATION_COMMENTS = YES;
				CLANG_WARN_EMPTY_BODY = YES;
				CLANG_WARN_ENUM_CONVERSION = YES;
				CLANG_WARN_INFINITE_RECURSION = YES;
				CLANG_WARN_INT_CONVERSION = YES;
				CLANG_WARN_NON_LITERAL_NULL_CONVERSION = YES;
				CLANG_WARN_OBJC_IMPLICIT_RETAIN_SELF = YES;
				CLANG_WARN_OBJC_LITERAL_CONVERSION = YES;
				CLANG_WARN_OBJC_ROOT_CLASS = YES_ERROR;
				CLANG_WARN_RANGE_LOOP_ANALYSIS = YES;
				CLANG_WARN_STRICT_PROTOTYPES = YES;
				CLANG_WARN_SUSPICIOUS_MOVE = YES;
				CLANG_WARN_UNGUARDED_AVAILABILITY = YES_AGGRESSIVE;
				CLANG_WARN_UNREACHABLE_CODE = YES;
				CLANG_WARN__DUPLICATE_METHOD_MATCH = YES;
				COPY_PHASE_STRIP = NO;
				DEBUG_INFORMATION_FORMAT = "dwarf-with-dsym";
				ENABLE_NS_ASSERTIONS = NO;
				ENABLE_STRICT_OBJC_MSGSEND = YES;
				GCC_C_LANGUAGE_STANDARD = gnu11;
				GCC_NO_COMMON_BLOCKS = YES;
				GCC_WARN_64_TO_32_BIT_CONVERSION = YES;
				GCC_WARN_ABOUT_RETURN_TYPE = YES_ERROR;
				GCC_WARN_UNDECLARED_SELECTOR = YES;
				GCC_WARN_UNINITIALIZED_AUTOS = YES_AGGRESSIVE;
				GCC_WARN_UNUSED_FUNCTION = YES;
				GCC_WARN_UNUSED_VARIABLE = YES;
				IPHONEOS_DEPLOYMENT_TARGET = 13.0;
				MTL_ENABLE_DEBUG_INFO = NO;
				MTL_FAST_MATH = YES;
				SDKROOT = iphoneos;
				SWIFT_COMPILATION_MODE = wholemodule;
				SWIFT_OPTIMIZATION_LEVEL = "-O";
				VALIDATE_PRODUCT = YES;
			};
			name = Release;
		};
		95C58D1A23A4BF13001B0B6F /* Debug */ = {
			isa = XCBuildConfiguration;
			buildSettings = {
				ASSETCATALOG_COMPILER_APPICON_NAME = AppIcon;
				CODE_SIGN_STYLE = Automatic;
				INFOPLIST_FILE = ScrollView_FullOption/Info.plist;
				LD_RUNPATH_SEARCH_PATHS = (
					"$(inherited)",
					"@executable_path/Frameworks",
				);
				PRODUCT_BUNDLE_IDENTIFIER = "Toan.ScrollView-FullOption";
				PRODUCT_NAME = "$(TARGET_NAME)";
				SWIFT_VERSION = 5.0;
				TARGETED_DEVICE_FAMILY = "1,2";
			};
			name = Debug;
		};
		95C58D1B23A4BF13001B0B6F /* Release */ = {
			isa = XCBuildConfiguration;
			buildSettings = {
				ASSETCATALOG_COMPILER_APPICON_NAME = AppIcon;
				CODE_SIGN_STYLE = Automatic;
				INFOPLIST_FILE = ScrollView_FullOption/Info.plist;
				LD_RUNPATH_SEARCH_PATHS = (
					"$(inherited)",
					"@executable_path/Frameworks",
				);
				PRODUCT_BUNDLE_IDENTIFIER = "Toan.ScrollView-FullOption";
				PRODUCT_NAME = "$(TARGET_NAME)";
				SWIFT_VERSION = 5.0;
				TARGETED_DEVICE_FAMILY = "1,2";
			};
			name = Release;
		};
/* End XCBuildConfiguration section */

/* Begin XCConfigurationList section */
		95C58D0023A4BF11001B0B6F /* Build configuration list for PBXProject "ScrollView_FullOption" */ = {
			isa = XCConfigurationList;
			buildConfigurations = (
				95C58D1723A4BF13001B0B6F /* Debug */,
				95C58D1823A4BF13001B0B6F /* Release */,
			);
			defaultConfigurationIsVisible = 0;
			defaultConfigurationName = Release;
		};
		95C58D1923A4BF13001B0B6F /* Build configuration list for PBXNativeTarget "ScrollView_FullOption" */ = {
			isa = XCConfigurationList;
			buildConfigurations = (
				95C58D1A23A4BF13001B0B6F /* Debug */,
				95C58D1B23A4BF13001B0B6F /* Release */,
			);
			defaultConfigurationIsVisible = 0;
			defaultConfigurationName = Release;
		};
/* End XCConfigurationList section */
	};
	rootObject = 95C58CFD23A4BF11001B0B6F /* Project object */;
}
